
Microsoft Visual Studio Solution File, Format Version 12.00
# Visual Studio Version 16
VisualStudioVersion = 16.0.30804.86
MinimumVisualStudioVersion = 10.0.40219.1
Project("{FAE04EC0-301F-11D3-BF4B-00C04F79EFBC}") = "07MilitaryElite", "07MilitaryElite.csproj", "{1623584D-0CFE-4BA8-8CD7-4F35B544CF14}"
EndProject
Global
	GlobalSection(SolutionConfigurationPlatforms) = preSolution
		Debug|Any CPU = Debug|Any CPU
		Release|Any CPU = Release|Any CPU
	EndGlobalSection
	GlobalSection(ProjectConfigurationPlatforms) = postSolution
		{1623584D-0CFE-4BA8-8CD7-4F35B544CF14}.Debug|Any CPU.ActiveCfg = Debug|Any CPU
		{1623584D-0CFE-4BA8-8CD7-4F35B544CF14}.Debug|Any CPU.Build.0 = Debug|Any CPU
		{1623584D-0CFE-4BA8-8CD7-4F35B544CF14}.Release|Any CPU.ActiveCfg = Release|Any CPU
		{1623584D-0CFE-4BA8-8CD7-4F35B544CF14}.Release|Any CPU.Build.0 = Release|Any CPU
	EndGlobalSection
	GlobalSection(SolutionProperties) = preSolution
		HideSolutionNode = FALSE
	EndGlobalSection
	GlobalSection(ExtensibilityGlobals) = postSolution
		SolutionGuid = {6C433F04-641D-48BB-A9DF-0CD060BCEE40}
	EndGlobalSection
EndGlobal
