
Microsoft Visual Studio Solution File, Format Version 12.00
# Visual Studio Version 16
VisualStudioVersion = 16.0.30804.86
MinimumVisualStudioVersion = 10.0.40219.1
Project("{9A19103F-16F7-4668-BE54-9A1E7A4F7556}") = "01DefineAClassPerson", "01DefineAClassPerson.csproj", "{EE557E2E-7DB2-4607-ADF9-60D649A38E98}"
EndProject
Project("{9A19103F-16F7-4668-BE54-9A1E7A4F7556}") = "02CreatingConstructors", "..\02CreatingConstructors\02CreatingConstructors.csproj", "{82F99A69-7861-4C38-97FB-77F9FF9CD2F0}"
EndProject
Project("{9A19103F-16F7-4668-BE54-9A1E7A4F7556}") = "03OldestFamilyMember", "..\03OldestFamilyMember\03OldestFamilyMember.csproj", "{9D8F2A7A-3EE0-4206-A084-3B914703A70A}"
EndProject
Project("{FAE04EC0-301F-11D3-BF4B-00C04F79EFBC}") = "04OpinionPoll", "..\04OpinionPoll\04OpinionPoll.csproj", "{9832255D-8F8E-4473-B6B6-BB06423C8081}"
EndProject
Global
	GlobalSection(SolutionConfigurationPlatforms) = preSolution
		Debug|Any CPU = Debug|Any CPU
		Release|Any CPU = Release|Any CPU
	EndGlobalSection
	GlobalSection(ProjectConfigurationPlatforms) = postSolution
		{EE557E2E-7DB2-4607-ADF9-60D649A38E98}.Debug|Any CPU.ActiveCfg = Debug|Any CPU
		{EE557E2E-7DB2-4607-ADF9-60D649A38E98}.Debug|Any CPU.Build.0 = Debug|Any CPU
		{EE557E2E-7DB2-4607-ADF9-60D649A38E98}.Release|Any CPU.ActiveCfg = Release|Any CPU
		{EE557E2E-7DB2-4607-ADF9-60D649A38E98}.Release|Any CPU.Build.0 = Release|Any CPU
		{82F99A69-7861-4C38-97FB-77F9FF9CD2F0}.Debug|Any CPU.ActiveCfg = Debug|Any CPU
		{82F99A69-7861-4C38-97FB-77F9FF9CD2F0}.Debug|Any CPU.Build.0 = Debug|Any CPU
		{82F99A69-7861-4C38-97FB-77F9FF9CD2F0}.Release|Any CPU.ActiveCfg = Release|Any CPU
		{82F99A69-7861-4C38-97FB-77F9FF9CD2F0}.Release|Any CPU.Build.0 = Release|Any CPU
		{9D8F2A7A-3EE0-4206-A084-3B914703A70A}.Debug|Any CPU.ActiveCfg = Debug|Any CPU
		{9D8F2A7A-3EE0-4206-A084-3B914703A70A}.Debug|Any CPU.Build.0 = Debug|Any CPU
		{9D8F2A7A-3EE0-4206-A084-3B914703A70A}.Release|Any CPU.ActiveCfg = Release|Any CPU
		{9D8F2A7A-3EE0-4206-A084-3B914703A70A}.Release|Any CPU.Build.0 = Release|Any CPU
		{9832255D-8F8E-4473-B6B6-BB06423C8081}.Debug|Any CPU.ActiveCfg = Debug|Any CPU
		{9832255D-8F8E-4473-B6B6-BB06423C8081}.Debug|Any CPU.Build.0 = Debug|Any CPU
		{9832255D-8F8E-4473-B6B6-BB06423C8081}.Release|Any CPU.ActiveCfg = Release|Any CPU
		{9832255D-8F8E-4473-B6B6-BB06423C8081}.Release|Any CPU.Build.0 = Release|Any CPU
	EndGlobalSection
	GlobalSection(SolutionProperties) = preSolution
		HideSolutionNode = FALSE
	EndGlobalSection
	GlobalSection(ExtensibilityGlobals) = postSolution
		SolutionGuid = {5DC6B7CD-3FFD-42F7-B5D0-63C270348A4C}
	EndGlobalSection
EndGlobal
