
Microsoft Visual Studio Solution File, Format Version 12.00
# Visual Studio Version 16
VisualStudioVersion = 16.0.30804.86
MinimumVisualStudioVersion = 10.0.40219.1
Project("{9A19103F-16F7-4668-BE54-9A1E7A4F7556}") = "01GenericBoxOfString", "01GenericBoxOfString.csproj", "{F4EAC92A-4709-4828-BCA6-F6FB1A007B1C}"
EndProject
Project("{FAE04EC0-301F-11D3-BF4B-00C04F79EFBC}") = "02GenericBoxOfInteger", "..\02GenericBoxOfInteger\02GenericBoxOfInteger.csproj", "{702B5365-D0A6-451F-81DC-B781C7554621}"
EndProject
Project("{FAE04EC0-301F-11D3-BF4B-00C04F79EFBC}") = "03GenericSwapMethodString", "..\03GenericSwapMethodString\03GenericSwapMethodString.csproj", "{9BFD75D0-4F5D-43DC-A2D7-9B9EF8E9A98F}"
EndProject
Global
	GlobalSection(SolutionConfigurationPlatforms) = preSolution
		Debug|Any CPU = Debug|Any CPU
		Release|Any CPU = Release|Any CPU
	EndGlobalSection
	GlobalSection(ProjectConfigurationPlatforms) = postSolution
		{F4EAC92A-4709-4828-BCA6-F6FB1A007B1C}.Debug|Any CPU.ActiveCfg = Debug|Any CPU
		{F4EAC92A-4709-4828-BCA6-F6FB1A007B1C}.Debug|Any CPU.Build.0 = Debug|Any CPU
		{F4EAC92A-4709-4828-BCA6-F6FB1A007B1C}.Release|Any CPU.ActiveCfg = Release|Any CPU
		{F4EAC92A-4709-4828-BCA6-F6FB1A007B1C}.Release|Any CPU.Build.0 = Release|Any CPU
		{702B5365-D0A6-451F-81DC-B781C7554621}.Debug|Any CPU.ActiveCfg = Debug|Any CPU
		{702B5365-D0A6-451F-81DC-B781C7554621}.Debug|Any CPU.Build.0 = Debug|Any CPU
		{702B5365-D0A6-451F-81DC-B781C7554621}.Release|Any CPU.ActiveCfg = Release|Any CPU
		{702B5365-D0A6-451F-81DC-B781C7554621}.Release|Any CPU.Build.0 = Release|Any CPU
		{9BFD75D0-4F5D-43DC-A2D7-9B9EF8E9A98F}.Debug|Any CPU.ActiveCfg = Debug|Any CPU
		{9BFD75D0-4F5D-43DC-A2D7-9B9EF8E9A98F}.Debug|Any CPU.Build.0 = Debug|Any CPU
		{9BFD75D0-4F5D-43DC-A2D7-9B9EF8E9A98F}.Release|Any CPU.ActiveCfg = Release|Any CPU
		{9BFD75D0-4F5D-43DC-A2D7-9B9EF8E9A98F}.Release|Any CPU.Build.0 = Release|Any CPU
	EndGlobalSection
	GlobalSection(SolutionProperties) = preSolution
		HideSolutionNode = FALSE
	EndGlobalSection
	GlobalSection(ExtensibilityGlobals) = postSolution
		SolutionGuid = {456A7A0A-F326-4BB5-B19E-169CD210299A}
	EndGlobalSection
EndGlobal
