
Microsoft Visual Studio Solution File, Format Version 12.00
# Visual Studio Version 17
VisualStudioVersion = 17.0.32014.148
MinimumVisualStudioVersion = 10.0.40219.1
Project("{FAE04EC0-301F-11D3-BF4B-00C04F79EFBC}") = "ForumApp", "ForumApp\ForumApp.csproj", "{B68EF8F4-9D64-4AB4-9A66-5DE14D289E53}"
EndProject
Global
	GlobalSection(SolutionConfigurationPlatforms) = preSolution
		Debug|Any CPU = Debug|Any CPU
		Release|Any CPU = Release|Any CPU
	EndGlobalSection
	GlobalSection(ProjectConfigurationPlatforms) = postSolution
		{B68EF8F4-9D64-4AB4-9A66-5DE14D289E53}.Debug|Any CPU.ActiveCfg = Debug|Any CPU
		{B68EF8F4-9D64-4AB4-9A66-5DE14D289E53}.Debug|Any CPU.Build.0 = Debug|Any CPU
		{B68EF8F4-9D64-4AB4-9A66-5DE14D289E53}.Release|Any CPU.ActiveCfg = Release|Any CPU
		{B68EF8F4-9D64-4AB4-9A66-5DE14D289E53}.Release|Any CPU.Build.0 = Release|Any CPU
	EndGlobalSection
	GlobalSection(SolutionProperties) = preSolution
		HideSolutionNode = FALSE
	EndGlobalSection
	GlobalSection(ExtensibilityGlobals) = postSolution
		SolutionGuid = {0E08BF9D-B2E1-4DB0-BABE-5B91F7E95B12}
	EndGlobalSection
EndGlobal
