
Microsoft Visual Studio Solution File, Format Version 12.00
# Visual Studio Version 16
VisualStudioVersion = 16.0.30804.86
MinimumVisualStudioVersion = 10.0.40219.1
Project("{FAE04EC0-301F-11D3-BF4B-00C04F79EFBC}") = "01Scheduling", "01Scheduling.csproj", "{924DD876-757D-4EFA-B2FA-5FC808445152}"
EndProject
Project("{FAE04EC0-301F-11D3-BF4B-00C04F79EFBC}") = "03Classroom", "..\03Classroom\03Classroom.csproj", "{129FC91D-9D72-4E51-85F2-44C4A62156F0}"
EndProject
Project("{FAE04EC0-301F-11D3-BF4B-00C04F79EFBC}") = "02Garden", "..\02Garden\02Garden.csproj", "{AD840CD0-18AD-4C3C-AB24-4CEDE4015BAD}"
EndProject
Global
	GlobalSection(SolutionConfigurationPlatforms) = preSolution
		Debug|Any CPU = Debug|Any CPU
		Release|Any CPU = Release|Any CPU
	EndGlobalSection
	GlobalSection(ProjectConfigurationPlatforms) = postSolution
		{924DD876-757D-4EFA-B2FA-5FC808445152}.Debug|Any CPU.ActiveCfg = Debug|Any CPU
		{924DD876-757D-4EFA-B2FA-5FC808445152}.Debug|Any CPU.Build.0 = Debug|Any CPU
		{924DD876-757D-4EFA-B2FA-5FC808445152}.Release|Any CPU.ActiveCfg = Release|Any CPU
		{924DD876-757D-4EFA-B2FA-5FC808445152}.Release|Any CPU.Build.0 = Release|Any CPU
		{129FC91D-9D72-4E51-85F2-44C4A62156F0}.Debug|Any CPU.ActiveCfg = Debug|Any CPU
		{129FC91D-9D72-4E51-85F2-44C4A62156F0}.Debug|Any CPU.Build.0 = Debug|Any CPU
		{129FC91D-9D72-4E51-85F2-44C4A62156F0}.Release|Any CPU.ActiveCfg = Release|Any CPU
		{129FC91D-9D72-4E51-85F2-44C4A62156F0}.Release|Any CPU.Build.0 = Release|Any CPU
		{AD840CD0-18AD-4C3C-AB24-4CEDE4015BAD}.Debug|Any CPU.ActiveCfg = Debug|Any CPU
		{AD840CD0-18AD-4C3C-AB24-4CEDE4015BAD}.Debug|Any CPU.Build.0 = Debug|Any CPU
		{AD840CD0-18AD-4C3C-AB24-4CEDE4015BAD}.Release|Any CPU.ActiveCfg = Release|Any CPU
		{AD840CD0-18AD-4C3C-AB24-4CEDE4015BAD}.Release|Any CPU.Build.0 = Release|Any CPU
	EndGlobalSection
	GlobalSection(SolutionProperties) = preSolution
		HideSolutionNode = FALSE
	EndGlobalSection
	GlobalSection(ExtensibilityGlobals) = postSolution
		SolutionGuid = {17968D42-705B-445B-95D9-050E79875B25}
	EndGlobalSection
EndGlobal
