
Microsoft Visual Studio Solution File, Format Version 12.00
# Visual Studio Version 16
VisualStudioVersion = 16.0.30011.22
MinimumVisualStudioVersion = 10.0.40219.1
Project("{FAE04EC0-301F-11D3-BF4B-00C04F79EFBC}") = "01SortNumbers", "01SortNumbers.csproj", "{EFCB26CA-0C6D-4054-97CF-4CD84DD8EA55}"
EndProject
Project("{FAE04EC0-301F-11D3-BF4B-00C04F79EFBC}") = "02EnglishNameOfTheLastDigit", "..\02EnglishNameOfTheLastDigit\02EnglishNameOfTheLastDigit.csproj", "{E2B6A3AA-ECA2-4727-858B-BA5133FFE948}"
EndProject
Project("{FAE04EC0-301F-11D3-BF4B-00C04F79EFBC}") = "03GamingStore", "..\03GamingStore\03GamingStore.csproj", "{118031A4-333D-436B-8BC9-AA3A1ABFA8C3}"
EndProject
Project("{FAE04EC0-301F-11D3-BF4B-00C04F79EFBC}") = "04ReverseString", "..\04ReverseString\04ReverseString.csproj", "{5F3B8B4B-7B74-4D7B-B830-4ED43E2E8BA2}"
EndProject
Project("{FAE04EC0-301F-11D3-BF4B-00C04F79EFBC}") = "05Messeges", "..\05Messeges\05Messeges.csproj", "{66653A16-1B83-414C-81A9-DF005D39A303}"
EndProject
Global
	GlobalSection(SolutionConfigurationPlatforms) = preSolution
		Debug|Any CPU = Debug|Any CPU
		Release|Any CPU = Release|Any CPU
	EndGlobalSection
	GlobalSection(ProjectConfigurationPlatforms) = postSolution
		{EFCB26CA-0C6D-4054-97CF-4CD84DD8EA55}.Debug|Any CPU.ActiveCfg = Debug|Any CPU
		{EFCB26CA-0C6D-4054-97CF-4CD84DD8EA55}.Debug|Any CPU.Build.0 = Debug|Any CPU
		{EFCB26CA-0C6D-4054-97CF-4CD84DD8EA55}.Release|Any CPU.ActiveCfg = Release|Any CPU
		{EFCB26CA-0C6D-4054-97CF-4CD84DD8EA55}.Release|Any CPU.Build.0 = Release|Any CPU
		{E2B6A3AA-ECA2-4727-858B-BA5133FFE948}.Debug|Any CPU.ActiveCfg = Debug|Any CPU
		{E2B6A3AA-ECA2-4727-858B-BA5133FFE948}.Debug|Any CPU.Build.0 = Debug|Any CPU
		{E2B6A3AA-ECA2-4727-858B-BA5133FFE948}.Release|Any CPU.ActiveCfg = Release|Any CPU
		{E2B6A3AA-ECA2-4727-858B-BA5133FFE948}.Release|Any CPU.Build.0 = Release|Any CPU
		{118031A4-333D-436B-8BC9-AA3A1ABFA8C3}.Debug|Any CPU.ActiveCfg = Debug|Any CPU
		{118031A4-333D-436B-8BC9-AA3A1ABFA8C3}.Debug|Any CPU.Build.0 = Debug|Any CPU
		{118031A4-333D-436B-8BC9-AA3A1ABFA8C3}.Release|Any CPU.ActiveCfg = Release|Any CPU
		{118031A4-333D-436B-8BC9-AA3A1ABFA8C3}.Release|Any CPU.Build.0 = Release|Any CPU
		{5F3B8B4B-7B74-4D7B-B830-4ED43E2E8BA2}.Debug|Any CPU.ActiveCfg = Debug|Any CPU
		{5F3B8B4B-7B74-4D7B-B830-4ED43E2E8BA2}.Debug|Any CPU.Build.0 = Debug|Any CPU
		{5F3B8B4B-7B74-4D7B-B830-4ED43E2E8BA2}.Release|Any CPU.ActiveCfg = Release|Any CPU
		{5F3B8B4B-7B74-4D7B-B830-4ED43E2E8BA2}.Release|Any CPU.Build.0 = Release|Any CPU
		{66653A16-1B83-414C-81A9-DF005D39A303}.Debug|Any CPU.ActiveCfg = Debug|Any CPU
		{66653A16-1B83-414C-81A9-DF005D39A303}.Debug|Any CPU.Build.0 = Debug|Any CPU
		{66653A16-1B83-414C-81A9-DF005D39A303}.Release|Any CPU.ActiveCfg = Release|Any CPU
		{66653A16-1B83-414C-81A9-DF005D39A303}.Release|Any CPU.Build.0 = Release|Any CPU
	EndGlobalSection
	GlobalSection(SolutionProperties) = preSolution
		HideSolutionNode = FALSE
	EndGlobalSection
	GlobalSection(ExtensibilityGlobals) = postSolution
		SolutionGuid = {54A3E120-CFE5-4229-8BC8-83640F610524}
	EndGlobalSection
EndGlobal
