
Microsoft Visual Studio Solution File, Format Version 12.00
# Visual Studio Version 16
VisualStudioVersion = 16.0.30804.86
MinimumVisualStudioVersion = 10.0.40219.1
Project("{9A19103F-16F7-4668-BE54-9A1E7A4F7556}") = "01DefineAnInterfaceIPerson", "01DefineAnInterfaceIPerson\01DefineAnInterfaceIPerson.csproj", "{17CC0180-CAFC-4FAE-874D-FFAB507F55CC}"
EndProject
Project("{FAE04EC0-301F-11D3-BF4B-00C04F79EFBC}") = "03Telephony", "03Telephony\03Telephony.csproj", "{A38ADA46-C24F-4AB4-BA02-4A496D21B78A}"
EndProject
Project("{FAE04EC0-301F-11D3-BF4B-00C04F79EFBC}") = "04BorderControl", "04BorderControl\04BorderControl.csproj", "{D95E6603-740A-4E2D-9ADB-A1EC32227298}"
EndProject
Project("{FAE04EC0-301F-11D3-BF4B-00C04F79EFBC}") = "07MilitaryElite", "07MilitaryElite\07MilitaryElite.csproj", "{DCC12264-747C-45F0-AB96-A352099C0F0C}"
EndProject
Global
	GlobalSection(SolutionConfigurationPlatforms) = preSolution
		Debug|Any CPU = Debug|Any CPU
		Release|Any CPU = Release|Any CPU
	EndGlobalSection
	GlobalSection(ProjectConfigurationPlatforms) = postSolution
		{17CC0180-CAFC-4FAE-874D-FFAB507F55CC}.Debug|Any CPU.ActiveCfg = Debug|Any CPU
		{17CC0180-CAFC-4FAE-874D-FFAB507F55CC}.Debug|Any CPU.Build.0 = Debug|Any CPU
		{17CC0180-CAFC-4FAE-874D-FFAB507F55CC}.Release|Any CPU.ActiveCfg = Release|Any CPU
		{17CC0180-CAFC-4FAE-874D-FFAB507F55CC}.Release|Any CPU.Build.0 = Release|Any CPU
		{A38ADA46-C24F-4AB4-BA02-4A496D21B78A}.Debug|Any CPU.ActiveCfg = Debug|Any CPU
		{A38ADA46-C24F-4AB4-BA02-4A496D21B78A}.Debug|Any CPU.Build.0 = Debug|Any CPU
		{A38ADA46-C24F-4AB4-BA02-4A496D21B78A}.Release|Any CPU.ActiveCfg = Release|Any CPU
		{A38ADA46-C24F-4AB4-BA02-4A496D21B78A}.Release|Any CPU.Build.0 = Release|Any CPU
		{D95E6603-740A-4E2D-9ADB-A1EC32227298}.Debug|Any CPU.ActiveCfg = Debug|Any CPU
		{D95E6603-740A-4E2D-9ADB-A1EC32227298}.Debug|Any CPU.Build.0 = Debug|Any CPU
		{D95E6603-740A-4E2D-9ADB-A1EC32227298}.Release|Any CPU.ActiveCfg = Release|Any CPU
		{D95E6603-740A-4E2D-9ADB-A1EC32227298}.Release|Any CPU.Build.0 = Release|Any CPU
		{DCC12264-747C-45F0-AB96-A352099C0F0C}.Debug|Any CPU.ActiveCfg = Debug|Any CPU
		{DCC12264-747C-45F0-AB96-A352099C0F0C}.Debug|Any CPU.Build.0 = Debug|Any CPU
		{DCC12264-747C-45F0-AB96-A352099C0F0C}.Release|Any CPU.ActiveCfg = Release|Any CPU
		{DCC12264-747C-45F0-AB96-A352099C0F0C}.Release|Any CPU.Build.0 = Release|Any CPU
	EndGlobalSection
	GlobalSection(SolutionProperties) = preSolution
		HideSolutionNode = FALSE
	EndGlobalSection
	GlobalSection(ExtensibilityGlobals) = postSolution
		SolutionGuid = {85605477-7853-4E62-B522-BAA8D7B17546}
	EndGlobalSection
EndGlobal
