
Microsoft Visual Studio Solution File, Format Version 12.00
# Visual Studio Version 16
VisualStudioVersion = 16.0.30804.86
MinimumVisualStudioVersion = 10.0.40219.1
Project("{9A19103F-16F7-4668-BE54-9A1E7A4F7556}") = "01ActionPrint", "01ActionPrint.csproj", "{17910D25-822A-40A8-8F5A-88B347901BF5}"
EndProject
Project("{9A19103F-16F7-4668-BE54-9A1E7A4F7556}") = "02KnightsOfHonor", "..\02KnightsOfHonor\02KnightsOfHonor.csproj", "{71FBDC52-4487-425C-9A20-28A69DB332F3}"
EndProject
Project("{FAE04EC0-301F-11D3-BF4B-00C04F79EFBC}") = "03CustomMinFunction", "..\03CustomMinFunction\03CustomMinFunction.csproj", "{FC977932-8063-4D29-A1E4-CC5D56930D2C}"
EndProject
Project("{FAE04EC0-301F-11D3-BF4B-00C04F79EFBC}") = "04FindEvensOrOdds", "..\04FindEvensOrOdds\04FindEvensOrOdds.csproj", "{048F2DE1-50A7-45C5-AD22-B443AAE2C7CB}"
EndProject
Project("{FAE04EC0-301F-11D3-BF4B-00C04F79EFBC}") = "05AppliedArithmetics", "..\05AppliedArithmetics\05AppliedArithmetics.csproj", "{7AB1E954-B816-44BD-A106-9FD13132698B}"
EndProject
Project("{FAE04EC0-301F-11D3-BF4B-00C04F79EFBC}") = "06ReverseAndExclude", "..\06ReverseAndExclude\06ReverseAndExclude.csproj", "{8A0E9E46-B83B-40D2-8B27-82AEFFDA43DE}"
EndProject
Project("{FAE04EC0-301F-11D3-BF4B-00C04F79EFBC}") = "07PredicateForNames", "..\07PredicateForNames\07PredicateForNames.csproj", "{398569F2-AB44-4D74-BA4F-C84B662D6283}"
EndProject
Project("{FAE04EC0-301F-11D3-BF4B-00C04F79EFBC}") = "08CustomComparator", "..\08CustomComparator\08CustomComparator.csproj", "{AEC4A224-51F9-4442-A651-AE11C0111758}"
EndProject
Project("{FAE04EC0-301F-11D3-BF4B-00C04F79EFBC}") = "09.ListOfPredicates", "..\09.ListOfPredicates\09.ListOfPredicates.csproj", "{F3B79628-E152-42B9-9C0C-FFE8952B5ED2}"
EndProject
Project("{FAE04EC0-301F-11D3-BF4B-00C04F79EFBC}") = "10PredicateParty!", "..\10PredicateParty!\10PredicateParty!.csproj", "{8C8672F6-33C4-4BC4-88E0-F795E9F5AD1F}"
EndProject
Global
	GlobalSection(SolutionConfigurationPlatforms) = preSolution
		Debug|Any CPU = Debug|Any CPU
		Release|Any CPU = Release|Any CPU
	EndGlobalSection
	GlobalSection(ProjectConfigurationPlatforms) = postSolution
		{17910D25-822A-40A8-8F5A-88B347901BF5}.Debug|Any CPU.ActiveCfg = Debug|Any CPU
		{17910D25-822A-40A8-8F5A-88B347901BF5}.Debug|Any CPU.Build.0 = Debug|Any CPU
		{17910D25-822A-40A8-8F5A-88B347901BF5}.Release|Any CPU.ActiveCfg = Release|Any CPU
		{17910D25-822A-40A8-8F5A-88B347901BF5}.Release|Any CPU.Build.0 = Release|Any CPU
		{71FBDC52-4487-425C-9A20-28A69DB332F3}.Debug|Any CPU.ActiveCfg = Debug|Any CPU
		{71FBDC52-4487-425C-9A20-28A69DB332F3}.Debug|Any CPU.Build.0 = Debug|Any CPU
		{71FBDC52-4487-425C-9A20-28A69DB332F3}.Release|Any CPU.ActiveCfg = Release|Any CPU
		{71FBDC52-4487-425C-9A20-28A69DB332F3}.Release|Any CPU.Build.0 = Release|Any CPU
		{FC977932-8063-4D29-A1E4-CC5D56930D2C}.Debug|Any CPU.ActiveCfg = Debug|Any CPU
		{FC977932-8063-4D29-A1E4-CC5D56930D2C}.Debug|Any CPU.Build.0 = Debug|Any CPU
		{FC977932-8063-4D29-A1E4-CC5D56930D2C}.Release|Any CPU.ActiveCfg = Release|Any CPU
		{FC977932-8063-4D29-A1E4-CC5D56930D2C}.Release|Any CPU.Build.0 = Release|Any CPU
		{048F2DE1-50A7-45C5-AD22-B443AAE2C7CB}.Debug|Any CPU.ActiveCfg = Debug|Any CPU
		{048F2DE1-50A7-45C5-AD22-B443AAE2C7CB}.Debug|Any CPU.Build.0 = Debug|Any CPU
		{048F2DE1-50A7-45C5-AD22-B443AAE2C7CB}.Release|Any CPU.ActiveCfg = Release|Any CPU
		{048F2DE1-50A7-45C5-AD22-B443AAE2C7CB}.Release|Any CPU.Build.0 = Release|Any CPU
		{7AB1E954-B816-44BD-A106-9FD13132698B}.Debug|Any CPU.ActiveCfg = Debug|Any CPU
		{7AB1E954-B816-44BD-A106-9FD13132698B}.Debug|Any CPU.Build.0 = Debug|Any CPU
		{7AB1E954-B816-44BD-A106-9FD13132698B}.Release|Any CPU.ActiveCfg = Release|Any CPU
		{7AB1E954-B816-44BD-A106-9FD13132698B}.Release|Any CPU.Build.0 = Release|Any CPU
		{8A0E9E46-B83B-40D2-8B27-82AEFFDA43DE}.Debug|Any CPU.ActiveCfg = Debug|Any CPU
		{8A0E9E46-B83B-40D2-8B27-82AEFFDA43DE}.Debug|Any CPU.Build.0 = Debug|Any CPU
		{8A0E9E46-B83B-40D2-8B27-82AEFFDA43DE}.Release|Any CPU.ActiveCfg = Release|Any CPU
		{8A0E9E46-B83B-40D2-8B27-82AEFFDA43DE}.Release|Any CPU.Build.0 = Release|Any CPU
		{398569F2-AB44-4D74-BA4F-C84B662D6283}.Debug|Any CPU.ActiveCfg = Debug|Any CPU
		{398569F2-AB44-4D74-BA4F-C84B662D6283}.Debug|Any CPU.Build.0 = Debug|Any CPU
		{398569F2-AB44-4D74-BA4F-C84B662D6283}.Release|Any CPU.ActiveCfg = Release|Any CPU
		{398569F2-AB44-4D74-BA4F-C84B662D6283}.Release|Any CPU.Build.0 = Release|Any CPU
		{AEC4A224-51F9-4442-A651-AE11C0111758}.Debug|Any CPU.ActiveCfg = Debug|Any CPU
		{AEC4A224-51F9-4442-A651-AE11C0111758}.Debug|Any CPU.Build.0 = Debug|Any CPU
		{AEC4A224-51F9-4442-A651-AE11C0111758}.Release|Any CPU.ActiveCfg = Release|Any CPU
		{AEC4A224-51F9-4442-A651-AE11C0111758}.Release|Any CPU.Build.0 = Release|Any CPU
		{F3B79628-E152-42B9-9C0C-FFE8952B5ED2}.Debug|Any CPU.ActiveCfg = Debug|Any CPU
		{F3B79628-E152-42B9-9C0C-FFE8952B5ED2}.Debug|Any CPU.Build.0 = Debug|Any CPU
		{F3B79628-E152-42B9-9C0C-FFE8952B5ED2}.Release|Any CPU.ActiveCfg = Release|Any CPU
		{F3B79628-E152-42B9-9C0C-FFE8952B5ED2}.Release|Any CPU.Build.0 = Release|Any CPU
		{8C8672F6-33C4-4BC4-88E0-F795E9F5AD1F}.Debug|Any CPU.ActiveCfg = Debug|Any CPU
		{8C8672F6-33C4-4BC4-88E0-F795E9F5AD1F}.Debug|Any CPU.Build.0 = Debug|Any CPU
		{8C8672F6-33C4-4BC4-88E0-F795E9F5AD1F}.Release|Any CPU.ActiveCfg = Release|Any CPU
		{8C8672F6-33C4-4BC4-88E0-F795E9F5AD1F}.Release|Any CPU.Build.0 = Release|Any CPU
	EndGlobalSection
	GlobalSection(SolutionProperties) = preSolution
		HideSolutionNode = FALSE
	EndGlobalSection
	GlobalSection(ExtensibilityGlobals) = postSolution
		SolutionGuid = {F64A005E-34D5-4A06-A2D3-09CC38D9C909}
	EndGlobalSection
EndGlobal
