
Microsoft Visual Studio Solution File, Format Version 12.00
# Visual Studio Version 16
VisualStudioVersion = 16.0.28922.388
MinimumVisualStudioVersion = 10.0.40219.1
Project("{9A19103F-16F7-4668-BE54-9A1E7A4F7556}") = "Person", "Person\Person.csproj", "{B017C35F-8072-418C-9ECE-29BC667A118C}"
EndProject
Project("{9A19103F-16F7-4668-BE54-9A1E7A4F7556}") = "Animals", "Animals\Animals.csproj", "{23920482-0658-4B8F-AADF-F7AC11015041}"
EndProject
Project("{9A19103F-16F7-4668-BE54-9A1E7A4F7556}") = "Restaurant", "Restaurant\Restaurant.csproj", "{F5BBDD67-3182-49F7-9333-A67939D000BE}"
EndProject
Project("{9A19103F-16F7-4668-BE54-9A1E7A4F7556}") = "Zoo", "Zoo\Zoo.csproj", "{9930D442-7F88-406E-AAE0-9461DB0B329E}"
EndProject
Project("{FAE04EC0-301F-11D3-BF4B-00C04F79EFBC}") = "NeedForSpeed", "NeedForSpeed\NeedForSpeed.csproj", "{A0995BE6-BF0F-4C22-933A-0E8A7FFF24EA}"
EndProject
Project("{FAE04EC0-301F-11D3-BF4B-00C04F79EFBC}") = "PlayersAndMonsters", "PlayersAndMonsters\PlayersAndMonsters.csproj", "{0F6188B8-CAF3-4584-80DE-4AB1C990C6F0}"
EndProject
Global
	GlobalSection(SolutionConfigurationPlatforms) = preSolution
		Debug|Any CPU = Debug|Any CPU
		Release|Any CPU = Release|Any CPU
	EndGlobalSection
	GlobalSection(ProjectConfigurationPlatforms) = postSolution
		{B017C35F-8072-418C-9ECE-29BC667A118C}.Debug|Any CPU.ActiveCfg = Debug|Any CPU
		{B017C35F-8072-418C-9ECE-29BC667A118C}.Debug|Any CPU.Build.0 = Debug|Any CPU
		{B017C35F-8072-418C-9ECE-29BC667A118C}.Release|Any CPU.ActiveCfg = Release|Any CPU
		{B017C35F-8072-418C-9ECE-29BC667A118C}.Release|Any CPU.Build.0 = Release|Any CPU
		{23920482-0658-4B8F-AADF-F7AC11015041}.Debug|Any CPU.ActiveCfg = Debug|Any CPU
		{23920482-0658-4B8F-AADF-F7AC11015041}.Debug|Any CPU.Build.0 = Debug|Any CPU
		{23920482-0658-4B8F-AADF-F7AC11015041}.Release|Any CPU.ActiveCfg = Release|Any CPU
		{23920482-0658-4B8F-AADF-F7AC11015041}.Release|Any CPU.Build.0 = Release|Any CPU
		{F5BBDD67-3182-49F7-9333-A67939D000BE}.Debug|Any CPU.ActiveCfg = Debug|Any CPU
		{F5BBDD67-3182-49F7-9333-A67939D000BE}.Debug|Any CPU.Build.0 = Debug|Any CPU
		{F5BBDD67-3182-49F7-9333-A67939D000BE}.Release|Any CPU.ActiveCfg = Release|Any CPU
		{F5BBDD67-3182-49F7-9333-A67939D000BE}.Release|Any CPU.Build.0 = Release|Any CPU
		{9930D442-7F88-406E-AAE0-9461DB0B329E}.Debug|Any CPU.ActiveCfg = Debug|Any CPU
		{9930D442-7F88-406E-AAE0-9461DB0B329E}.Debug|Any CPU.Build.0 = Debug|Any CPU
		{9930D442-7F88-406E-AAE0-9461DB0B329E}.Release|Any CPU.ActiveCfg = Release|Any CPU
		{9930D442-7F88-406E-AAE0-9461DB0B329E}.Release|Any CPU.Build.0 = Release|Any CPU
		{A0995BE6-BF0F-4C22-933A-0E8A7FFF24EA}.Debug|Any CPU.ActiveCfg = Debug|Any CPU
		{A0995BE6-BF0F-4C22-933A-0E8A7FFF24EA}.Debug|Any CPU.Build.0 = Debug|Any CPU
		{A0995BE6-BF0F-4C22-933A-0E8A7FFF24EA}.Release|Any CPU.ActiveCfg = Release|Any CPU
		{A0995BE6-BF0F-4C22-933A-0E8A7FFF24EA}.Release|Any CPU.Build.0 = Release|Any CPU
		{0F6188B8-CAF3-4584-80DE-4AB1C990C6F0}.Debug|Any CPU.ActiveCfg = Debug|Any CPU
		{0F6188B8-CAF3-4584-80DE-4AB1C990C6F0}.Debug|Any CPU.Build.0 = Debug|Any CPU
		{0F6188B8-CAF3-4584-80DE-4AB1C990C6F0}.Release|Any CPU.ActiveCfg = Release|Any CPU
		{0F6188B8-CAF3-4584-80DE-4AB1C990C6F0}.Release|Any CPU.Build.0 = Release|Any CPU
	EndGlobalSection
	GlobalSection(SolutionProperties) = preSolution
		HideSolutionNode = FALSE
	EndGlobalSection
	GlobalSection(ExtensibilityGlobals) = postSolution
		SolutionGuid = {9403B451-1B0E-4D8E-BA2D-5970ABB44B34}
	EndGlobalSection
EndGlobal
