
Microsoft Visual Studio Solution File, Format Version 12.00
# Visual Studio Version 16
VisualStudioVersion = 16.0.30804.86
MinimumVisualStudioVersion = 10.0.40219.1
Project("{FAE04EC0-301F-11D3-BF4B-00C04F79EFBC}") = "01Cooking", "01Cooking.csproj", "{75974B9A-8FCF-422A-925E-5B25B55F8463}"
EndProject
Global
	GlobalSection(SolutionConfigurationPlatforms) = preSolution
		Debug|Any CPU = Debug|Any CPU
		Release|Any CPU = Release|Any CPU
	EndGlobalSection
	GlobalSection(ProjectConfigurationPlatforms) = postSolution
		{75974B9A-8FCF-422A-925E-5B25B55F8463}.Debug|Any CPU.ActiveCfg = Debug|Any CPU
		{75974B9A-8FCF-422A-925E-5B25B55F8463}.Debug|Any CPU.Build.0 = Debug|Any CPU
		{75974B9A-8FCF-422A-925E-5B25B55F8463}.Release|Any CPU.ActiveCfg = Release|Any CPU
		{75974B9A-8FCF-422A-925E-5B25B55F8463}.Release|Any CPU.Build.0 = Release|Any CPU
	EndGlobalSection
	GlobalSection(SolutionProperties) = preSolution
		HideSolutionNode = FALSE
	EndGlobalSection
	GlobalSection(ExtensibilityGlobals) = postSolution
		SolutionGuid = {250FA170-E762-43E9-BF40-ED1F84CAB350}
	EndGlobalSection
EndGlobal
