
Microsoft Visual Studio Solution File, Format Version 12.00
# Visual Studio Version 16
VisualStudioVersion = 16.0.30804.86
MinimumVisualStudioVersion = 10.0.40219.1
Project("{9A19103F-16F7-4668-BE54-9A1E7A4F7556}") = "01ActionPrint", "01ActionPrint.csproj", "{17910D25-822A-40A8-8F5A-88B347901BF5}"
EndProject
Project("{FAE04EC0-301F-11D3-BF4B-00C04F79EFBC}") = "02KnightsOfHonor", "..\02KnightsOfHonor\02KnightsOfHonor.csproj", "{71FBDC52-4487-425C-9A20-28A69DB332F3}"
EndProject
Global
	GlobalSection(SolutionConfigurationPlatforms) = preSolution
		Debug|Any CPU = Debug|Any CPU
		Release|Any CPU = Release|Any CPU
	EndGlobalSection
	GlobalSection(ProjectConfigurationPlatforms) = postSolution
		{17910D25-822A-40A8-8F5A-88B347901BF5}.Debug|Any CPU.ActiveCfg = Debug|Any CPU
		{17910D25-822A-40A8-8F5A-88B347901BF5}.Debug|Any CPU.Build.0 = Debug|Any CPU
		{17910D25-822A-40A8-8F5A-88B347901BF5}.Release|Any CPU.ActiveCfg = Release|Any CPU
		{17910D25-822A-40A8-8F5A-88B347901BF5}.Release|Any CPU.Build.0 = Release|Any CPU
		{71FBDC52-4487-425C-9A20-28A69DB332F3}.Debug|Any CPU.ActiveCfg = Debug|Any CPU
		{71FBDC52-4487-425C-9A20-28A69DB332F3}.Debug|Any CPU.Build.0 = Debug|Any CPU
		{71FBDC52-4487-425C-9A20-28A69DB332F3}.Release|Any CPU.ActiveCfg = Release|Any CPU
		{71FBDC52-4487-425C-9A20-28A69DB332F3}.Release|Any CPU.Build.0 = Release|Any CPU
	EndGlobalSection
	GlobalSection(SolutionProperties) = preSolution
		HideSolutionNode = FALSE
	EndGlobalSection
	GlobalSection(ExtensibilityGlobals) = postSolution
		SolutionGuid = {F64A005E-34D5-4A06-A2D3-09CC38D9C909}
	EndGlobalSection
EndGlobal
