
Microsoft Visual Studio Solution File, Format Version 12.00
# Visual Studio Version 16
VisualStudioVersion = 16.0.30804.86
MinimumVisualStudioVersion = 10.0.40219.1
Project("{9A19103F-16F7-4668-BE54-9A1E7A4F7556}") = "01Library", "01Library.csproj", "{E85D76B0-B332-4AD3-99AC-62148637A998}"
EndProject
Project("{FAE04EC0-301F-11D3-BF4B-00C04F79EFBC}") = "02Bee", "..\02Bee\02Bee.csproj", "{C560BB35-197E-49BC-9978-2CCFFDB49D46}"
EndProject
Project("{FAE04EC0-301F-11D3-BF4B-00C04F79EFBC}") = "03VetClinic", "..\03VetClinic\03VetClinic.csproj", "{773965A4-87DD-4E84-9B54-126409F59543}"
EndProject
Global
	GlobalSection(SolutionConfigurationPlatforms) = preSolution
		Debug|Any CPU = Debug|Any CPU
		Release|Any CPU = Release|Any CPU
	EndGlobalSection
	GlobalSection(ProjectConfigurationPlatforms) = postSolution
		{E85D76B0-B332-4AD3-99AC-62148637A998}.Debug|Any CPU.ActiveCfg = Debug|Any CPU
		{E85D76B0-B332-4AD3-99AC-62148637A998}.Debug|Any CPU.Build.0 = Debug|Any CPU
		{E85D76B0-B332-4AD3-99AC-62148637A998}.Release|Any CPU.ActiveCfg = Release|Any CPU
		{E85D76B0-B332-4AD3-99AC-62148637A998}.Release|Any CPU.Build.0 = Release|Any CPU
		{C560BB35-197E-49BC-9978-2CCFFDB49D46}.Debug|Any CPU.ActiveCfg = Debug|Any CPU
		{C560BB35-197E-49BC-9978-2CCFFDB49D46}.Debug|Any CPU.Build.0 = Debug|Any CPU
		{C560BB35-197E-49BC-9978-2CCFFDB49D46}.Release|Any CPU.ActiveCfg = Release|Any CPU
		{C560BB35-197E-49BC-9978-2CCFFDB49D46}.Release|Any CPU.Build.0 = Release|Any CPU
		{773965A4-87DD-4E84-9B54-126409F59543}.Debug|Any CPU.ActiveCfg = Debug|Any CPU
		{773965A4-87DD-4E84-9B54-126409F59543}.Debug|Any CPU.Build.0 = Debug|Any CPU
		{773965A4-87DD-4E84-9B54-126409F59543}.Release|Any CPU.ActiveCfg = Release|Any CPU
		{773965A4-87DD-4E84-9B54-126409F59543}.Release|Any CPU.Build.0 = Release|Any CPU
	EndGlobalSection
	GlobalSection(SolutionProperties) = preSolution
		HideSolutionNode = FALSE
	EndGlobalSection
	GlobalSection(ExtensibilityGlobals) = postSolution
		SolutionGuid = {A28E871C-1F3B-4D29-A19A-01A8BE962600}
	EndGlobalSection
EndGlobal
